
Microsoft Visual Studio Solution File, Format Version 12.00
# Visual Studio Version 17
VisualStudioVersion = 17.4.33122.133
MinimumVisualStudioVersion = 10.0.40219.1
Project("{9A19103F-16F7-4668-BE54-9A1E7A4F7556}") = "Zoo", "Zoo\Zoo.csproj", "{943E4916-473E-4218-BDD7-D7BC3D63F83A}"
EndProject
Project("{9A19103F-16F7-4668-BE54-9A1E7A4F7556}") = "Exercises", "Exercises\Exercises.csproj", "{1A7ED96D-A299-4AB3-A7FD-1E4152552C15}"
EndProject
Project("{9A19103F-16F7-4668-BE54-9A1E7A4F7556}") = "DungeonsOfDoom", "DungeonsOfDoom\DungeonsOfDoom.csproj", "{B2DE99DE-B28C-4744-96C4-C66BA04ABA41}"
EndProject
Project("{2150E333-8FDC-42A3-9474-1A3956D46DE8}") = "Solution Items", "Solution Items", "{D4032FE1-720C-4415-BD66-338F3811C7B7}"
	ProjectSection(SolutionItems) = preProject
		README.md = README.md
	EndProjectSection
EndProject
Project("{9A19103F-16F7-4668-BE54-9A1E7A4F7556}") = "ClassLibraryExample", "ClassLibraryExample\ClassLibraryExample.csproj", "{8EE762BC-F7D2-4C83-8CA0-11C9B8D79E07}"
EndProject
Project("{9A19103F-16F7-4668-BE54-9A1E7A4F7556}") = "Utils", "Utils\Utils.csproj", "{54B8E819-A4EA-43BC-967D-611EBB5FF33D}"
EndProject
Project("{9A19103F-16F7-4668-BE54-9A1E7A4F7556}") = "DungeonsOfDoom.Core", "DungeonsOfDoom.Core\DungeonsOfDoom.Core.csproj", "{8C7E7082-AF72-4ED3-B2A7-F6E0313EDC55}"
EndProject
Project("{FAE04EC0-301F-11D3-BF4B-00C04F79EFBC}") = "OODemo", "OODemo\OODemo.csproj", "{BBFC1C4C-53A1-4A72-96BE-AFD1B3607040}"
EndProject
Project("{FAE04EC0-301F-11D3-BF4B-00C04F79EFBC}") = "BetterOODemo", "BetterOODemo\BetterOODemo.csproj", "{80E24AF0-0978-44C9-A4DE-D1F4895D7C45}"
EndProject
Global
	GlobalSection(SolutionConfigurationPlatforms) = preSolution
		Debug|Any CPU = Debug|Any CPU
		Release|Any CPU = Release|Any CPU
	EndGlobalSection
	GlobalSection(ProjectConfigurationPlatforms) = postSolution
		{943E4916-473E-4218-BDD7-D7BC3D63F83A}.Debug|Any CPU.ActiveCfg = Debug|Any CPU
		{943E4916-473E-4218-BDD7-D7BC3D63F83A}.Debug|Any CPU.Build.0 = Debug|Any CPU
		{943E4916-473E-4218-BDD7-D7BC3D63F83A}.Release|Any CPU.ActiveCfg = Release|Any CPU
		{943E4916-473E-4218-BDD7-D7BC3D63F83A}.Release|Any CPU.Build.0 = Release|Any CPU
		{1A7ED96D-A299-4AB3-A7FD-1E4152552C15}.Debug|Any CPU.ActiveCfg = Debug|Any CPU
		{1A7ED96D-A299-4AB3-A7FD-1E4152552C15}.Debug|Any CPU.Build.0 = Debug|Any CPU
		{1A7ED96D-A299-4AB3-A7FD-1E4152552C15}.Release|Any CPU.ActiveCfg = Release|Any CPU
		{1A7ED96D-A299-4AB3-A7FD-1E4152552C15}.Release|Any CPU.Build.0 = Release|Any CPU
		{B2DE99DE-B28C-4744-96C4-C66BA04ABA41}.Debug|Any CPU.ActiveCfg = Debug|Any CPU
		{B2DE99DE-B28C-4744-96C4-C66BA04ABA41}.Debug|Any CPU.Build.0 = Debug|Any CPU
		{B2DE99DE-B28C-4744-96C4-C66BA04ABA41}.Release|Any CPU.ActiveCfg = Release|Any CPU
		{B2DE99DE-B28C-4744-96C4-C66BA04ABA41}.Release|Any CPU.Build.0 = Release|Any CPU
		{8EE762BC-F7D2-4C83-8CA0-11C9B8D79E07}.Debug|Any CPU.ActiveCfg = Debug|Any CPU
		{8EE762BC-F7D2-4C83-8CA0-11C9B8D79E07}.Debug|Any CPU.Build.0 = Debug|Any CPU
		{8EE762BC-F7D2-4C83-8CA0-11C9B8D79E07}.Release|Any CPU.ActiveCfg = Release|Any CPU
		{8EE762BC-F7D2-4C83-8CA0-11C9B8D79E07}.Release|Any CPU.Build.0 = Release|Any CPU
		{54B8E819-A4EA-43BC-967D-611EBB5FF33D}.Debug|Any CPU.ActiveCfg = Debug|Any CPU
		{54B8E819-A4EA-43BC-967D-611EBB5FF33D}.Debug|Any CPU.Build.0 = Debug|Any CPU
		{54B8E819-A4EA-43BC-967D-611EBB5FF33D}.Release|Any CPU.ActiveCfg = Release|Any CPU
		{54B8E819-A4EA-43BC-967D-611EBB5FF33D}.Release|Any CPU.Build.0 = Release|Any CPU
		{8C7E7082-AF72-4ED3-B2A7-F6E0313EDC55}.Debug|Any CPU.ActiveCfg = Debug|Any CPU
		{8C7E7082-AF72-4ED3-B2A7-F6E0313EDC55}.Debug|Any CPU.Build.0 = Debug|Any CPU
		{8C7E7082-AF72-4ED3-B2A7-F6E0313EDC55}.Release|Any CPU.ActiveCfg = Release|Any CPU
		{8C7E7082-AF72-4ED3-B2A7-F6E0313EDC55}.Release|Any CPU.Build.0 = Release|Any CPU
		{BBFC1C4C-53A1-4A72-96BE-AFD1B3607040}.Debug|Any CPU.ActiveCfg = Debug|Any CPU
		{BBFC1C4C-53A1-4A72-96BE-AFD1B3607040}.Debug|Any CPU.Build.0 = Debug|Any CPU
		{BBFC1C4C-53A1-4A72-96BE-AFD1B3607040}.Release|Any CPU.ActiveCfg = Release|Any CPU
		{BBFC1C4C-53A1-4A72-96BE-AFD1B3607040}.Release|Any CPU.Build.0 = Release|Any CPU
		{80E24AF0-0978-44C9-A4DE-D1F4895D7C45}.Debug|Any CPU.ActiveCfg = Debug|Any CPU
		{80E24AF0-0978-44C9-A4DE-D1F4895D7C45}.Debug|Any CPU.Build.0 = Debug|Any CPU
		{80E24AF0-0978-44C9-A4DE-D1F4895D7C45}.Release|Any CPU.ActiveCfg = Release|Any CPU
		{80E24AF0-0978-44C9-A4DE-D1F4895D7C45}.Release|Any CPU.Build.0 = Release|Any CPU
	EndGlobalSection
	GlobalSection(SolutionProperties) = preSolution
		HideSolutionNode = FALSE
	EndGlobalSection
	GlobalSection(ExtensibilityGlobals) = postSolution
		SolutionGuid = {922CE67C-ED26-4AA8-85DB-7D3A7BB3099A}
	EndGlobalSection
EndGlobal
